{
  "nodes": {
    "nixCats": {
      "locked": {
        "lastModified": 1777273601,
        "narHash": "sha256-xBUa8Tl9V7IXI+VmLEuDc81La/EhoSn1C3EVSnJ3cfU=",
        "owner": "BirdeeHub",
        "repo": "nixCats-nvim",
        "rev": "f69ea013e328841a7def7037ed59788a76be8816",
        "type": "github"
      },
      "original": {
        "owner": "BirdeeHub",
        "repo": "nixCats-nvim",
        "type": "github"
      }
    },
    "nixpkgs": {
      "locked": {
        "lastModified": 1782821651,
        "narHash": "sha256-D5jO0ME1lA9bDHnd5kVawBwItG/N4oZr3FlXmMzLec8=",
        "owner": "nixos",
        "repo": "nixpkgs",
        "rev": "e52c192be9d7b2c4bd4aed326c8731b35f8bb75c",
        "type": "github"
      },
      "original": {
        "owner": "nixos",
        "ref": "nixpkgs-unstable",
        "repo": "nixpkgs",
        "type": "github"
      }
    },
    "plugins-neojjit": {
      "flake": false,
      "locked": {
        "lastModified": 1762937410,
        "narHash": "sha256-07set+eNna0DZewTrWK3DQ9jTHdbcvB4fb+mG3AC1/A=",
        "owner": "JulianNymark",
        "repo": "neojjit",
        "rev": "04c26116ebac033e4d079dde1bcdc3be1aa96a89",
        "type": "github"
      },
      "original": {
        "owner": "JulianNymark",
        "repo": "neojjit",
        "type": "github"
      }
    },
    "root": {
      "inputs": {
        "nixCats": "nixCats",
        "nixpkgs": "nixpkgs",
        "plugins-neojjit": "plugins-neojjit"
      }
    }
  },
  "root": "root",
  "version": 7
}
