{
  "nodes": {
    "nixCats": {
      "locked": {
        "lastModified": 1787720571,
        "narHash": "sha256-jvoTU61m2p2knJMIvDwWqkhf5CrmKCkiCO0KR3GIryw=",
        "owner": "BirdeeHub",
        "repo": "nixCats-nvim",
        "rev": "8fcebab53bfe800b963e8db5e28b63baa65850d3",
        "type": "github"
      },
      "original": {
        "owner": "BirdeeHub",
        "repo": "nixCats-nvim",
        "type": "github"
      }
    },
    "nixpkgs": {
      "locked": {
        "lastModified": 1789370336,
        "narHash": "sha256-6RSEDHIWQtesQKWSu5qRai8L2h4KgCgMEfJHstW99G4=",
        "owner": "nixos",
        "repo": "nixpkgs",
        "rev": "c7def046b9a883d46974757852106483d741586f",
        "type": "github"
      },
      "original": {
        "owner": "nixos",
        "ref": "nixpkgs-unstable",
        "repo": "nixpkgs",
        "type": "github"
      }
    },
    "plugins-neojjit": {
      "flake": false,
      "locked": {
        "lastModified": 1762937410,
        "narHash": "sha256-07set+eNna0DZewTrWK3DQ9jTHdbcvB4fb+mG3AC1/A=",
        "owner": "JulianNymark",
        "repo": "neojjit",
        "rev": "04c26116ebac033e4d079dde1bcdc3be1aa96a89",
        "type": "github"
      },
      "original": {
        "owner": "JulianNymark",
        "repo": "neojjit",
        "type": "github"
      }
    },
    "root": {
      "inputs": {
        "nixCats": "nixCats",
        "nixpkgs": "nixpkgs",
        "plugins-neojjit": "plugins-neojjit"
      }
    }
  },
  "root": "root",
  "version": 7
}
